dependencies:
- name: mariadb
  repository: oci://registry-1.docker.io/bitnamicharts
  version: 20.4.3
- name: slurm-exporter
  repository: oci://tsz.io/kosmix/charts
  version: 0.4.0
digest: sha256:f976961e838c8664baad43b86e6fbe67d45d4d7158a4f0cd989194e2dcca7564
generated: "2025-07-09T01:37:06.336924+08:00"
